{
  "name": "07-&-08-number eight",
  "lockfileVersion": 3,
  "requires": true,
  "packages": {
    "": {
      "devDependencies": {
        "typescript": "^5.5.0-dev.20240222"
      }
    },
    "node_modules/typescript": {
      "version": "5.5.0-dev.20240222",
      "resolved": "https://registry.npmjs.org/typescript/-/typescript-5.5.0-dev.20240222.tgz",
      "integrity": "sha512-wTT3hD6G2Nx+KZEDA8HvHbCsnLqtr+ye+OfVEtFARqUKtLcZVnHJhGk99OYhuPUhkAv9UgwAUQREBcyZupPhYg==",
      "dev": true,
      "bin": {
        "tsc": "bin/tsc",
        "tsserver": "bin/tsserver"
      },
      "engines": {
        "node": ">=14.17"
      }
    }
  }
}
