{
  "name": "14-guest list",
  "lockfileVersion": 3,
  "requires": true,
  "packages": {
    "": {
      "devDependencies": {
        "typescript": "^5.4.0-dev.20240220"
      }
    },
    "node_modules/typescript": {
      "version": "5.4.0-dev.20240220",
      "resolved": "https://registry.npmjs.org/typescript/-/typescript-5.4.0-dev.20240220.tgz",
      "integrity": "sha512-mUiEcRGUeqXn0/xKi0K01LrBOJ4D1zbn5oVpvofeuo/QUTS/y4+r46h34STyDGMc2KnMYJcWUt2XMalady2J1A==",
      "dev": true,
      "bin": {
        "tsc": "bin/tsc",
        "tsserver": "bin/tsserver"
      },
      "engines": {
        "node": ">=14.17"
      }
    }
  }
}
