{
  "name": "Enter your name (if&else)",
  "lockfileVersion": 3,
  "requires": true,
  "packages": {
    "": {
      "devDependencies": {
        "typescript": "^5.4.0-dev.20240219"
      }
    },
    "node_modules/typescript": {
      "version": "5.4.0-dev.20240219",
      "resolved": "https://registry.npmjs.org/typescript/-/typescript-5.4.0-dev.20240219.tgz",
      "integrity": "sha512-8axQCpRgDdLJRq7TMsX6U4zYXmHY5akkaGMjiQPro76rLIHMhmI7llfnpuV5wAFAtu1vARTTwccmWy4h5qjEDA==",
      "dev": true,
      "bin": {
        "tsc": "bin/tsc",
        "tsserver": "bin/tsserver"
      },
      "engines": {
        "node": ">=14.17"
      }
    }
  }
}
