{
  "name": "18-seeing the world",
  "lockfileVersion": 3,
  "requires": true,
  "packages": {
    "": {
      "devDependencies": {
        "typescript": "^5.5.0-dev.20240221"
      }
    },
    "node_modules/typescript": {
      "version": "5.5.0-dev.20240221",
      "resolved": "https://registry.npmjs.org/typescript/-/typescript-5.5.0-dev.20240221.tgz",
      "integrity": "sha512-zAZKYmbJjrjtMiLRDk2y6cDrzziF/ahV0u2ISZ/ZyInDBy/XFIC4R9baJphn6iC004KhdSEKGwy9s+HheBwUlA==",
      "dev": true,
      "bin": {
        "tsc": "bin/tsc",
        "tsserver": "bin/tsserver"
      },
      "engines": {
        "node": ">=14.17"
      }
    }
  }
}
